
Microsoft Visual Studio Solution File, Format Version 12.00
# Visual Studio 2012
Project("{FAE04EC0-301F-11D3-BF4B-00C04F79EFBC}") = "VSC", "VSC.csproj", "{83F85271-A4E3-448A-8B49-63FB00BC1BD3}"
EndProject
Project("{2150E333-8FDC-42A3-9474-1A3956D46DE8}") = "Solution Items", "Solution Items", "{6E7AA659-C03A-4BEE-9F62-89C6060EA9C3}"
	ProjectSection(SolutionItems) = preProject
		Errors.txt = Errors.txt
		TODO.txt = TODO.txt
	EndProjectSection
EndProject
Global
	GlobalSection(SolutionConfigurationPlatforms) = preSolution
		Debug|Any CPU = Debug|Any CPU
		net_4_5_Debug|Any CPU = net_4_5_Debug|Any CPU
		net_4_5_Release|Any CPU = net_4_5_Release|Any CPU
		Release|Any CPU = Release|Any CPU
	EndGlobalSection
	GlobalSection(ProjectConfigurationPlatforms) = postSolution
		{83F85271-A4E3-448A-8B49-63FB00BC1BD3}.Debug|Any CPU.ActiveCfg = Debug|Any CPU
		{83F85271-A4E3-448A-8B49-63FB00BC1BD3}.Debug|Any CPU.Build.0 = Debug|Any CPU
		{83F85271-A4E3-448A-8B49-63FB00BC1BD3}.net_4_5_Debug|Any CPU.ActiveCfg = Debug|Any CPU
		{83F85271-A4E3-448A-8B49-63FB00BC1BD3}.net_4_5_Debug|Any CPU.Build.0 = Debug|Any CPU
		{83F85271-A4E3-448A-8B49-63FB00BC1BD3}.net_4_5_Release|Any CPU.ActiveCfg = Release|Any CPU
		{83F85271-A4E3-448A-8B49-63FB00BC1BD3}.net_4_5_Release|Any CPU.Build.0 = Release|Any CPU
		{83F85271-A4E3-448A-8B49-63FB00BC1BD3}.Release|Any CPU.ActiveCfg = Release|Any CPU
		{83F85271-A4E3-448A-8B49-63FB00BC1BD3}.Release|Any CPU.Build.0 = Release|Any CPU
	EndGlobalSection
	GlobalSection(SolutionProperties) = preSolution
		HideSolutionNode = FALSE
	EndGlobalSection
EndGlobal
